
Microsoft Visual Studio Solution File, Format Version 12.00
# Visual Studio Version 17
VisualStudioVersion = 17.0.31903.59
MinimumVisualStudioVersion = 10.0.40219.1
Project("{FAE04EC0-301F-11D3-BF4B-00C04F79EFBC}") = "Exercises", "Exercises\Exercises.csproj", "{54F54AE0-3BA9-4259-82A7-5529737A3ED7}"
EndProject
Global
	GlobalSection(SolutionConfigurationPlatforms) = preSolution
		Debug|Any CPU = Debug|Any CPU
		Release|Any CPU = Release|Any CPU
	EndGlobalSection
	GlobalSection(SolutionProperties) = preSolution
		HideSolutionNode = FALSE
	EndGlobalSection
	GlobalSection(ProjectConfigurationPlatforms) = postSolution
		{54F54AE0-3BA9-4259-82A7-5529737A3ED7}.Debug|Any CPU.ActiveCfg = Debug|Any CPU
		{54F54AE0-3BA9-4259-82A7-5529737A3ED7}.Debug|Any CPU.Build.0 = Debug|Any CPU
		{54F54AE0-3BA9-4259-82A7-5529737A3ED7}.Release|Any CPU.ActiveCfg = Release|Any CPU
		{54F54AE0-3BA9-4259-82A7-5529737A3ED7}.Release|Any CPU.Build.0 = Release|Any CPU
	EndGlobalSection
EndGlobal
